// !$*UTF8*$!
{
	archiveVersion = 1;
	classes = {
	};
	objectVersion = 46;
	objects = {

/* Begin PBXBuildFile section */
		3FCF1F2C1B0C8F1600EB15A7 /* main.cpp in Sources */ = {isa = PBXBuildFile; fileRef = 3FCF1F2B1B0C8F1600EB15A7 /* main.cpp */; };
		3FCF1F2E1B0C8F1600EB15A7 /* Makefile in Sources */ = {isa = PBXBuildFile; fileRef = 3FCF1F2D1B0C8F1600EB15A7 /* Makefile */; };
		3FCF1F311B0C8F1600EB15A7 /* LocalLibrary.cpp in Sources */ = {isa = PBXBuildFile; fileRef = 3FCF1F301B0C8F1600EB15A7 /* LocalLibrary.cpp */; };
/* End PBXBuildFile section */

/* Begin PBXFileReference section */
		3FCF1F281B0C8F1600EB15A7 /* Index */ = {isa = PBXFileReference; explicitFileType = "compiled.mach-o.executable"; includeInIndex = 0; path = Index; sourceTree = BUILT_PRODUCTS_DIR; };
		3FCF1F2B1B0C8F1600EB15A7 /* main.cpp */ = {isa = PBXFileReference; lastKnownFileType = sourcecode.cpp.cpp; path = main.cpp; sourceTree = "<group>"; };
		3FCF1F2D1B0C8F1600EB15A7 /* Makefile */ = {isa = PBXFileReference; lastKnownFileType = sourcecode.make; path = Makefile; sourceTree = "<group>"; };
		3FCF1F2F1B0C8F1600EB15A7 /* ReadMe.txt */ = {isa = PBXFileReference; lastKnownFileType = text; path = ReadMe.txt; sourceTree = "<group>"; };
		3FCF1F301B0C8F1600EB15A7 /* LocalLibrary.cpp */ = {isa = PBXFileReference; lastKnownFileType = sourcecode.cpp.cpp; path = LocalLibrary.cpp; sourceTree = "<group>"; };
		3FCF1F321B0C8F1600EB15A7 /* LocalLibrary.h */ = {isa = PBXFileReference; lastKnownFileType = sourcecode.c.h; path = LocalLibrary.h; sourceTree = "<group>"; };
		3FCF1F341B0C8F1600EB15A7 /* Sketchbook.txt */ = {isa = PBXFileReference; lastKnownFileType = text; name = Sketchbook.txt; path = Sketchbook/Sketchbook.txt; sourceTree = "<group>"; };
		3FCF1F361B0C8F1600EB15A7 /* 4D Systems PICadillo 35T.xcconfig */ = {isa = PBXFileReference; lastKnownFileType = text.xcconfig; name = "4D Systems PICadillo 35T.xcconfig"; path = "Configurations/4D Systems PICadillo 35T.xcconfig"; sourceTree = "<group>"; };
		3FCF1F371B0C8F1600EB15A7 /* Adafruit Pro Trinket 3V-12MHz.xcconfig */ = {isa = PBXFileReference; lastKnownFileType = text.xcconfig; name = "Adafruit Pro Trinket 3V-12MHz.xcconfig"; path = "Configurations/Adafruit Pro Trinket 3V-12MHz.xcconfig"; sourceTree = "<group>"; };
		3FCF1F381B0C8F1600EB15A7 /* Adafruit Pro Trinket 5V-16MHz.xcconfig */ = {isa = PBXFileReference; lastKnownFileType = text.xcconfig; name = "Adafruit Pro Trinket 5V-16MHz.xcconfig"; path = "Configurations/Adafruit Pro Trinket 5V-16MHz.xcconfig"; sourceTree = "<group>"; };
		3FCF1F391B0C8F1600EB15A7 /* Adafruit Trinket 3V-8MHz.xcconfig */ = {isa = PBXFileReference; lastKnownFileType = text.xcconfig; name = "Adafruit Trinket 3V-8MHz.xcconfig"; path = "Configurations/Adafruit Trinket 3V-8MHz.xcconfig"; sourceTree = "<group>"; };
		3FCF1F3A1B0C8F1600EB15A7 /* Adafruit Trinket 5V-16MHz.xcconfig */ = {isa = PBXFileReference; lastKnownFileType = text.xcconfig; name = "Adafruit Trinket 5V-16MHz.xcconfig"; path = "Configurations/Adafruit Trinket 5V-16MHz.xcconfig"; sourceTree = "<group>"; };
		3FCF1F3B1B0C8F1600EB15A7 /* Arduino Due.xcconfig */ = {isa = PBXFileReference; lastKnownFileType = text.xcconfig; name = "Arduino Due.xcconfig"; path = "Configurations/Arduino Due.xcconfig"; sourceTree = "<group>"; };
		3FCF1F3C1B0C8F1600EB15A7 /* Arduino Duemilanove.xcconfig */ = {isa = PBXFileReference; lastKnownFileType = text.xcconfig; name = "Arduino Duemilanove.xcconfig"; path = "Configurations/Arduino Duemilanove.xcconfig"; sourceTree = "<group>"; };
		3FCF1F3D1B0C8F1600EB15A7 /* Arduino Leonardo.xcconfig */ = {isa = PBXFileReference; lastKnownFileType = text.xcconfig; name = "Arduino Leonardo.xcconfig"; path = "Configurations/Arduino Leonardo.xcconfig"; sourceTree = "<group>"; };
		3FCF1F3E1B0C8F1600EB15A7 /* Arduino Mega 2560.xcconfig */ = {isa = PBXFileReference; lastKnownFileType = text.xcconfig; name = "Arduino Mega 2560.xcconfig"; path = "Configurations/Arduino Mega 2560.xcconfig"; sourceTree = "<group>"; };
		3FCF1F3F1B0C8F1600EB15A7 /* Arduino Micro.xcconfig */ = {isa = PBXFileReference; lastKnownFileType = text.xcconfig; name = "Arduino Micro.xcconfig"; path = "Configurations/Arduino Micro.xcconfig"; sourceTree = "<group>"; };
		3FCF1F401B0C8F1600EB15A7 /* Arduino Pro with ATmega328-3.3V.xcconfig */ = {isa = PBXFileReference; lastKnownFileType = text.xcconfig; name = "Arduino Pro with ATmega328-3.3V.xcconfig"; path = "Configurations/Arduino Pro with ATmega328-3.3V.xcconfig"; sourceTree = "<group>"; };
		3FCF1F411B0C8F1600EB15A7 /* Arduino Pro with ATmega328-5V.xcconfig */ = {isa = PBXFileReference; lastKnownFileType = text.xcconfig; name = "Arduino Pro with ATmega328-5V.xcconfig"; path = "Configurations/Arduino Pro with ATmega328-5V.xcconfig"; sourceTree = "<group>"; };
		3FCF1F421B0C8F1600EB15A7 /* Arduino Mini with ATmega168.xcconfig */ = {isa = PBXFileReference; lastKnownFileType = text.xcconfig; name = "Arduino Mini with ATmega168.xcconfig"; path = "Configurations/Arduino Mini with ATmega168.xcconfig"; sourceTree = "<group>"; };
		3FCF1F431B0C8F1600EB15A7 /* Arduino Mini with ATmega328.xcconfig */ = {isa = PBXFileReference; lastKnownFileType = text.xcconfig; name = "Arduino Mini with ATmega328.xcconfig"; path = "Configurations/Arduino Mini with ATmega328.xcconfig"; sourceTree = "<group>"; };
		3FCF1F441B0C8F1600EB15A7 /* Arduino Nano with ATmega168.xcconfig */ = {isa = PBXFileReference; lastKnownFileType = text.xcconfig; name = "Arduino Nano with ATmega168.xcconfig"; path = "Configurations/Arduino Nano with ATmega168.xcconfig"; sourceTree = "<group>"; };
		3FCF1F451B0C8F1600EB15A7 /* Arduino Nano with ATmega328.xcconfig */ = {isa = PBXFileReference; lastKnownFileType = text.xcconfig; name = "Arduino Nano with ATmega328.xcconfig"; path = "Configurations/Arduino Nano with ATmega328.xcconfig"; sourceTree = "<group>"; };
		3FCF1F461B0C8F1600EB15A7 /* Arduino Robot Control.xcconfig */ = {isa = PBXFileReference; lastKnownFileType = text.xcconfig; name = "Arduino Robot Control.xcconfig"; path = "Configurations/Arduino Robot Control.xcconfig"; sourceTree = "<group>"; };
		3FCF1F471B0C8F1600EB15A7 /* Arduino Robot Motor.xcconfig */ = {isa = PBXFileReference; lastKnownFileType = text.xcconfig; name = "Arduino Robot Motor.xcconfig"; path = "Configurations/Arduino Robot Motor.xcconfig"; sourceTree = "<group>"; };
		3FCF1F481B0C8F1600EB15A7 /* Arduino Uno.xcconfig */ = {isa = PBXFileReference; lastKnownFileType = text.xcconfig; name = "Arduino Uno.xcconfig"; path = "Configurations/Arduino Uno.xcconfig"; sourceTree = "<group>"; };
		3FCF1F491B0C8F1600EB15A7 /* Arduino Yun.xcconfig */ = {isa = PBXFileReference; lastKnownFileType = text.xcconfig; name = "Arduino Yun.xcconfig"; path = "Configurations/Arduino Yun.xcconfig"; sourceTree = "<group>"; };
		3FCF1F4A1B0C8F1600EB15A7 /* Arduino Zero Pro (Native USB Port).xcconfig */ = {isa = PBXFileReference; lastKnownFileType = text.xcconfig; name = "Arduino Zero Pro (Native USB Port).xcconfig"; path = "Configurations/Arduino Zero Pro (Native USB Port).xcconfig"; sourceTree = "<group>"; };
		3FCF1F4B1B0C8F1600EB15A7 /* Arduino Zero Pro (Programming Port).xcconfig */ = {isa = PBXFileReference; lastKnownFileType = text.xcconfig; name = "Arduino Zero Pro (Programming Port).xcconfig"; path = "Configurations/Arduino Zero Pro (Programming Port).xcconfig"; sourceTree = "<group>"; };
		3FCF1F4C1B0C8F1600EB15A7 /* chipKIT DP32.xcconfig */ = {isa = PBXFileReference; lastKnownFileType = text.xcconfig; name = "chipKIT DP32.xcconfig"; path = "Configurations/chipKIT DP32.xcconfig"; sourceTree = "<group>"; };
		3FCF1F4D1B0C8F1600EB15A7 /* chipKIT Max32.xcconfig */ = {isa = PBXFileReference; lastKnownFileType = text.xcconfig; name = "chipKIT Max32.xcconfig"; path = "Configurations/chipKIT Max32.xcconfig"; sourceTree = "<group>"; };
		3FCF1F4E1B0C8F1600EB15A7 /* chipKIT uC32.xcconfig */ = {isa = PBXFileReference; lastKnownFileType = text.xcconfig; name = "chipKIT uC32.xcconfig"; path = "Configurations/chipKIT uC32.xcconfig"; sourceTree = "<group>"; };
		3FCF1F4F1B0C8F1600EB15A7 /* chipKIT Uno32.xcconfig */ = {isa = PBXFileReference; lastKnownFileType = text.xcconfig; name = "chipKIT Uno32.xcconfig"; path = "Configurations/chipKIT Uno32.xcconfig"; sourceTree = "<group>"; };
		3FCF1F501B0C8F1600EB15A7 /* chipKIT WF32.xcconfig */ = {isa = PBXFileReference; lastKnownFileType = text.xcconfig; name = "chipKIT WF32.xcconfig"; path = "Configurations/chipKIT WF32.xcconfig"; sourceTree = "<group>"; };
		3FCF1F511B0C8F1600EB15A7 /* chipKIT WiFire.xcconfig */ = {isa = PBXFileReference; lastKnownFileType = text.xcconfig; name = "chipKIT WiFire.xcconfig"; path = "Configurations/chipKIT WiFire.xcconfig"; sourceTree = "<group>"; };
		3FCF1F521B0C8F1600EB15A7 /* DFRobot BLuno.xcconfig */ = {isa = PBXFileReference; lastKnownFileType = text.xcconfig; name = "DFRobot BLuno.xcconfig"; path = "Configurations/DFRobot BLuno.xcconfig"; sourceTree = "<group>"; };
		3FCF1F531B0C8F1600EB15A7 /* DFRobot Wido.xcconfig */ = {isa = PBXFileReference; lastKnownFileType = text.xcconfig; name = "DFRobot Wido.xcconfig"; path = "Configurations/DFRobot Wido.xcconfig"; sourceTree = "<group>"; };
		3FCF1F541B0C8F1600EB15A7 /* Digispark Tiny Core.xcconfig */ = {isa = PBXFileReference; lastKnownFileType = text.xcconfig; name = "Digispark Tiny Core.xcconfig"; path = "Configurations/Digispark Tiny Core.xcconfig"; sourceTree = "<group>"; };
		3FCF1F551B0C8F1600EB15A7 /* ESP8266.xcconfig */ = {isa = PBXFileReference; lastKnownFileType = text.xcconfig; name = ESP8266.xcconfig; path = Configurations/ESP8266.xcconfig; sourceTree = "<group>"; };
		3FCF1F561B0C8F1600EB15A7 /* NodeMCU Board.xcconfig */ = {isa = PBXFileReference; lastKnownFileType = text.xcconfig; name = "NodeMCU Board.xcconfig"; path = "Configurations/NodeMCU Board.xcconfig"; sourceTree = "<group>"; };
		3FCF1F571B0C8F1600EB15A7 /* Experimeter Board with MSP430FR5739.xcconfig */ = {isa = PBXFileReference; lastKnownFileType = text.xcconfig; name = "Experimeter Board with MSP430FR5739.xcconfig"; path = "Configurations/Experimeter Board with MSP430FR5739.xcconfig"; sourceTree = "<group>"; };
		3FCF1F581B0C8F1600EB15A7 /* Intel Edison.xcconfig */ = {isa = PBXFileReference; lastKnownFileType = text.xcconfig; name = "Intel Edison.xcconfig"; path = "Configurations/Intel Edison.xcconfig"; sourceTree = "<group>"; };
		3FCF1F591B0C8F1600EB15A7 /* Intel Galileo.xcconfig */ = {isa = PBXFileReference; lastKnownFileType = text.xcconfig; name = "Intel Galileo.xcconfig"; path = "Configurations/Intel Galileo.xcconfig"; sourceTree = "<group>"; };
		3FCF1F5A1B0C8F1600EB15A7 /* Intel Galileo Gen2.xcconfig */ = {isa = PBXFileReference; lastKnownFileType = text.xcconfig; name = "Intel Galileo Gen2.xcconfig"; path = "Configurations/Intel Galileo Gen2.xcconfig"; sourceTree = "<group>"; };
		3FCF1F5B1B0C8F1600EB15A7 /* LaunchPad MSP432.xcconfig */ = {isa = PBXFileReference; lastKnownFileType = text.xcconfig; name = "LaunchPad MSP432.xcconfig"; path = "Configurations/LaunchPad MSP432.xcconfig"; sourceTree = "<group>"; };
		3FCF1F5C1B0C8F1600EB15A7 /* LaunchPad WiFi with CC3200.xcconfig */ = {isa = PBXFileReference; lastKnownFileType = text.xcconfig; name = "LaunchPad WiFi with CC3200.xcconfig"; path = "Configurations/LaunchPad WiFi with CC3200.xcconfig"; sourceTree = "<group>"; };
		3FCF1F5D1B0C8F1600EB15A7 /* LaunchPad Stellaris with LM4F120.xcconfig */ = {isa = PBXFileReference; lastKnownFileType = text.xcconfig; name = "LaunchPad Stellaris with LM4F120.xcconfig"; path = "Configurations/LaunchPad Stellaris with LM4F120.xcconfig"; sourceTree = "<group>"; };
		3FCF1F5E1B0C8F1600EB15A7 /* LaunchPad Tiva C with TM4C123.xcconfig */ = {isa = PBXFileReference; lastKnownFileType = text.xcconfig; name = "LaunchPad Tiva C with TM4C123.xcconfig"; path = "Configurations/LaunchPad Tiva C with TM4C123.xcconfig"; sourceTree = "<group>"; };
		3FCF1F5F1B0C8F1600EB15A7 /* LaunchPad Tiva C with TM4C129.xcconfig */ = {isa = PBXFileReference; lastKnownFileType = text.xcconfig; name = "LaunchPad Tiva C with TM4C129.xcconfig"; path = "Configurations/LaunchPad Tiva C with TM4C129.xcconfig"; sourceTree = "<group>"; };
		3FCF1F601B0C8F1600EB15A7 /* LaunchPad with MSP430G2553.xcconfig */ = {isa = PBXFileReference; lastKnownFileType = text.xcconfig; name = "LaunchPad with MSP430G2553.xcconfig"; path = "Configurations/LaunchPad with MSP430G2553.xcconfig"; sourceTree = "<group>"; };
		3FCF1F611B0C8F1600EB15A7 /* LaunchPad with MSP430G2231.xcconfig */ = {isa = PBXFileReference; lastKnownFileType = text.xcconfig; name = "LaunchPad with MSP430G2231.xcconfig"; path = "Configurations/LaunchPad with MSP430G2231.xcconfig"; sourceTree = "<group>"; };
		3FCF1F621B0C8F1600EB15A7 /* LaunchPad with MSP430G2452.xcconfig */ = {isa = PBXFileReference; lastKnownFileType = text.xcconfig; name = "LaunchPad with MSP430G2452.xcconfig"; path = "Configurations/LaunchPad with MSP430G2452.xcconfig"; sourceTree = "<group>"; };
		3FCF1F631B0C8F1600EB15A7 /* LaunchPad with MSP430F5529.xcconfig */ = {isa = PBXFileReference; lastKnownFileType = text.xcconfig; name = "LaunchPad with MSP430F5529.xcconfig"; path = "Configurations/LaunchPad with MSP430F5529.xcconfig"; sourceTree = "<group>"; };
		3FCF1F641B0C8F1600EB15A7 /* LaunchPad with MSP430FR5969.xcconfig */ = {isa = PBXFileReference; lastKnownFileType = text.xcconfig; name = "LaunchPad with MSP430FR5969.xcconfig"; path = "Configurations/LaunchPad with MSP430FR5969.xcconfig"; sourceTree = "<group>"; };
		3FCF1F651B0C8F1600EB15A7 /* Little Robot Friends.xcconfig */ = {isa = PBXFileReference; lastKnownFileType = text.xcconfig; name = "Little Robot Friends.xcconfig"; path = "Configurations/Little Robot Friends.xcconfig"; sourceTree = "<group>"; };
		3FCF1F661B0C8F1600EB15A7 /* Maple Flash revision 3+.xcconfig */ = {isa = PBXFileReference; lastKnownFileType = text.xcconfig; name = "Maple Flash revision 3+.xcconfig"; path = "Configurations/Maple Flash revision 3+.xcconfig"; sourceTree = "<group>"; };
		3FCF1F671B0C8F1600EB15A7 /* Maple RAM revision 3+.xcconfig */ = {isa = PBXFileReference; lastKnownFileType = text.xcconfig; name = "Maple RAM revision 3+.xcconfig"; path = "Configurations/Maple RAM revision 3+.xcconfig"; sourceTree = "<group>"; };
		3FCF1F681B0C8F1600EB15A7 /* Microduino Core STM32 Flash.xcconfig */ = {isa = PBXFileReference; lastKnownFileType = text.xcconfig; name = "Microduino Core STM32 Flash.xcconfig"; path = "Configurations/Microduino Core STM32 Flash.xcconfig"; sourceTree = "<group>"; };
		3FCF1F691B0C8F1600EB15A7 /* Microduino Core STM32 RAM.xcconfig */ = {isa = PBXFileReference; lastKnownFileType = text.xcconfig; name = "Microduino Core STM32 RAM.xcconfig"; path = "Configurations/Microduino Core STM32 RAM.xcconfig"; sourceTree = "<group>"; };
		3FCF1F6A1B0C8F1600EB15A7 /* Microduino Core USB with ATmega328U4-5V.xcconfig */ = {isa = PBXFileReference; lastKnownFileType = text.xcconfig; name = "Microduino Core USB with ATmega328U4-5V.xcconfig"; path = "Configurations/Microduino Core USB with ATmega328U4-5V.xcconfig"; sourceTree = "<group>"; };
		3FCF1F6B1B0C8F1600EB15A7 /* Microduino Core with ATmega328-5V.xcconfig */ = {isa = PBXFileReference; lastKnownFileType = text.xcconfig; name = "Microduino Core with ATmega328-5V.xcconfig"; path = "Configurations/Microduino Core with ATmega328-5V.xcconfig"; sourceTree = "<group>"; };
		3FCF1F6C1B0C8F1600EB15A7 /* Microduino Core+ with ATmega644-5V.xcconfig */ = {isa = PBXFileReference; lastKnownFileType = text.xcconfig; name = "Microduino Core+ with ATmega644-5V.xcconfig"; path = "Configurations/Microduino Core+ with ATmega644-5V.xcconfig"; sourceTree = "<group>"; };
		3FCF1F6D1B0C8F1600EB15A7 /* panStamp AVR.xcconfig */ = {isa = PBXFileReference; lastKnownFileType = text.xcconfig; name = "panStamp AVR.xcconfig"; path = "Configurations/panStamp AVR.xcconfig"; sourceTree = "<group>"; };
		3FCF1F6E1B0C8F1600EB15A7 /* panStamp NRG 1.0.xcconfig */ = {isa = PBXFileReference; lastKnownFileType = text.xcconfig; name = "panStamp NRG 1.0.xcconfig"; path = "Configurations/panStamp NRG 1.0.xcconfig"; sourceTree = "<group>"; };
		3FCF1F6F1B0C8F1600EB15A7 /* panStamp NRG 1.1.xcconfig */ = {isa = PBXFileReference; lastKnownFileType = text.xcconfig; name = "panStamp NRG 1.1.xcconfig"; path = "Configurations/panStamp NRG 1.1.xcconfig"; sourceTree = "<group>"; };
		3FCF1F701B0C8F1600EB15A7 /* RedBearLab BLE Nano.xcconfig */ = {isa = PBXFileReference; lastKnownFileType = text.xcconfig; name = "RedBearLab BLE Nano.xcconfig"; path = "Configurations/RedBearLab BLE Nano.xcconfig"; sourceTree = "<group>"; };
		3FCF1F711B0C8F1600EB15A7 /* RedBearLab nRF51822.xcconfig */ = {isa = PBXFileReference; lastKnownFileType = text.xcconfig; name = "RedBearLab nRF51822.xcconfig"; path = "Configurations/RedBearLab nRF51822.xcconfig"; sourceTree = "<group>"; };
		3FCF1F721B0C8F1600EB15A7 /* RedBearLab WiFi CC3200.xcconfig */ = {isa = PBXFileReference; lastKnownFileType = text.xcconfig; name = "RedBearLab WiFi CC3200.xcconfig"; path = "Configurations/RedBearLab WiFi CC3200.xcconfig"; sourceTree = "<group>"; };
		3FCF1F731B0C8F1600EB15A7 /* RedBearLab WiFi Mini CC3200.xcconfig */ = {isa = PBXFileReference; lastKnownFileType = text.xcconfig; name = "RedBearLab WiFi Mini CC3200.xcconfig"; path = "Configurations/RedBearLab WiFi Mini CC3200.xcconfig"; sourceTree = "<group>"; };
		3FCF1F741B0C8F1600EB15A7 /* Teensy 2.0.xcconfig */ = {isa = PBXFileReference; lastKnownFileType = text.xcconfig; name = "Teensy 2.0.xcconfig"; path = "Configurations/Teensy 2.0.xcconfig"; sourceTree = "<group>"; };
		3FCF1F751B0C8F1600EB15A7 /* Teensy 3.0.xcconfig */ = {isa = PBXFileReference; lastKnownFileType = text.xcconfig; name = "Teensy 3.0.xcconfig"; path = "Configurations/Teensy 3.0.xcconfig"; sourceTree = "<group>"; };
		3FCF1F761B0C8F1600EB15A7 /* Teensy 3.1.xcconfig */ = {isa = PBXFileReference; lastKnownFileType = text.xcconfig; name = "Teensy 3.1.xcconfig"; path = "Configurations/Teensy 3.1.xcconfig"; sourceTree = "<group>"; };
		3FCF1F771B0C8F1600EB15A7 /* Wiring S.xcconfig */ = {isa = PBXFileReference; lastKnownFileType = text.xcconfig; name = "Wiring S.xcconfig"; path = "Configurations/Wiring S.xcconfig"; sourceTree = "<group>"; };
		3FCF1F791B0C8F1600EB15A7 /* Arduino.mk */ = {isa = PBXFileReference; lastKnownFileType = text; name = Arduino.mk; path = Makefiles/Arduino.mk; sourceTree = "<group>"; };
		3FCF1F7A1B0C8F1600EB15A7 /* Arduino1.mk */ = {isa = PBXFileReference; lastKnownFileType = text; name = Arduino1.mk; path = Makefiles/Arduino1.mk; sourceTree = "<group>"; };
		3FCF1F7B1B0C8F1600EB15A7 /* Arduino15avr.mk */ = {isa = PBXFileReference; lastKnownFileType = text; name = Arduino15avr.mk; path = Makefiles/Arduino15avr.mk; sourceTree = "<group>"; };
		3FCF1F7C1B0C8F1600EB15A7 /* Arduino15sam.mk */ = {isa = PBXFileReference; lastKnownFileType = text; name = Arduino15sam.mk; path = Makefiles/Arduino15sam.mk; sourceTree = "<group>"; };
		3FCF1F7D1B0C8F1600EB15A7 /* Arduino17samd.mk */ = {isa = PBXFileReference; lastKnownFileType = text; name = Arduino17samd.mk; path = Makefiles/Arduino17samd.mk; sourceTree = "<group>"; };
		3FCF1F7E1B0C8F1600EB15A7 /* Digispark.mk */ = {isa = PBXFileReference; lastKnownFileType = text; name = Digispark.mk; path = Makefiles/Digispark.mk; sourceTree = "<group>"; };
		3FCF1F7F1B0C8F1600EB15A7 /* EnergiaMSP430.mk */ = {isa = PBXFileReference; lastKnownFileType = text; name = EnergiaMSP430.mk; path = Makefiles/EnergiaMSP430.mk; sourceTree = "<group>"; };
		3FCF1F801B0C8F1600EB15A7 /* EnergiaMSP432.mk */ = {isa = PBXFileReference; lastKnownFileType = text; name = EnergiaMSP432.mk; path = Makefiles/EnergiaMSP432.mk; sourceTree = "<group>"; };
		3FCF1F811B0C8F1600EB15A7 /* EnergiaLM4F.mk */ = {isa = PBXFileReference; lastKnownFileType = text; name = EnergiaLM4F.mk; path = Makefiles/EnergiaLM4F.mk; sourceTree = "<group>"; };
		3FCF1F821B0C8F1600EB15A7 /* EnergiaCC3200.mk */ = {isa = PBXFileReference; lastKnownFileType = text; name = EnergiaCC3200.mk; path = Makefiles/EnergiaCC3200.mk; sourceTree = "<group>"; };
		3FCF1F831B0C8F1600EB15A7 /* Edison.mk */ = {isa = PBXFileReference; lastKnownFileType = text; name = Edison.mk; path = Makefiles/Edison.mk; sourceTree = "<group>"; };
		3FCF1F841B0C8F1600EB15A7 /* Galileo.mk */ = {isa = PBXFileReference; lastKnownFileType = text; name = Galileo.mk; path = Makefiles/Galileo.mk; sourceTree = "<group>"; };
		3FCF1F851B0C8F1600EB15A7 /* ESP8266.mk */ = {isa = PBXFileReference; lastKnownFileType = text; name = ESP8266.mk; path = Makefiles/ESP8266.mk; sourceTree = "<group>"; };
		3FCF1F861B0C8F1600EB15A7 /* MapleIDE.mk */ = {isa = PBXFileReference; lastKnownFileType = text; name = MapleIDE.mk; path = Makefiles/MapleIDE.mk; sourceTree = "<group>"; };
		3FCF1F871B0C8F1600EB15A7 /* RedBearLab.mk */ = {isa = PBXFileReference; lastKnownFileType = text; name = RedBearLab.mk; path = Makefiles/RedBearLab.mk; sourceTree = "<group>"; };
		3FCF1F881B0C8F1600EB15A7 /* Microduino.mk */ = {isa = PBXFileReference; lastKnownFileType = text; name = Microduino.mk; path = Makefiles/Microduino.mk; sourceTree = "<group>"; };
		3FCF1F891B0C8F1600EB15A7 /* Mpide.mk */ = {isa = PBXFileReference; lastKnownFileType = text; name = Mpide.mk; path = Makefiles/Mpide.mk; sourceTree = "<group>"; };
		3FCF1F8A1B0C8F1600EB15A7 /* panStampAVR.mk */ = {isa = PBXFileReference; lastKnownFileType = text; name = panStampAVR.mk; path = Makefiles/panStampAVR.mk; sourceTree = "<group>"; };
		3FCF1F8B1B0C8F1600EB15A7 /* panStampNRG.mk */ = {isa = PBXFileReference; lastKnownFileType = text; name = panStampNRG.mk; path = Makefiles/panStampNRG.mk; sourceTree = "<group>"; };
		3FCF1F8C1B0C8F1600EB15A7 /* Wiring.mk */ = {isa = PBXFileReference; lastKnownFileType = text; name = Wiring.mk; path = Makefiles/Wiring.mk; sourceTree = "<group>"; };
		3FCF1F8D1B0C8F1600EB15A7 /* Step1.mk */ = {isa = PBXFileReference; lastKnownFileType = text; name = Step1.mk; path = Makefiles/Step1.mk; sourceTree = "<group>"; };
		3FCF1F8E1B0C8F1600EB15A7 /* Step2.mk */ = {isa = PBXFileReference; lastKnownFileType = text; name = Step2.mk; path = Makefiles/Step2.mk; sourceTree = "<group>"; };
		3FCF1F8F1B0C8F1600EB15A7 /* Teensy.mk */ = {isa = PBXFileReference; lastKnownFileType = text; name = Teensy.mk; path = Makefiles/Teensy.mk; sourceTree = "<group>"; };
		3FCF1F901B0C8F1600EB15A7 /* Teensy2.mk */ = {isa = PBXFileReference; lastKnownFileType = text; name = Teensy2.mk; path = Makefiles/Teensy2.mk; sourceTree = "<group>"; };
		3FCF1F911B0C8F1600EB15A7 /* Teensy3.mk */ = {isa = PBXFileReference; lastKnownFileType = text; name = Teensy3.mk; path = Makefiles/Teensy3.mk; sourceTree = "<group>"; };
		3FCF1F921B0C8F1600EB15A7 /* Avrdude.mk */ = {isa = PBXFileReference; lastKnownFileType = text; name = Avrdude.mk; path = Makefiles/Avrdude.mk; sourceTree = "<group>"; };
		3FCF1F941B0C8F1600EB15A7 /* About.txt */ = {isa = PBXFileReference; lastKnownFileType = text; name = About.txt; path = About/About.txt; sourceTree = "<group>"; };
		3FCF1F961B0C8F1600EB15A7 /* reset_maple.py */ = {isa = PBXFileReference; lastKnownFileType = text.script.python; name = reset_maple.py; path = Utilities/reset_maple.py; sourceTree = "<group>"; };
		3FCF1F971B0C8F1600EB15A7 /* reset_1200.py */ = {isa = PBXFileReference; lastKnownFileType = text.script.python; name = reset_1200.py; path = Utilities/reset_1200.py; sourceTree = "<group>"; };
		3FCF1F981B0C8F1600EB15A7 /* embedXcode_prepare */ = {isa = PBXFileReference; lastKnownFileType = "compiled.mach-o.executable"; name = embedXcode_prepare; path = Utilities/embedXcode_prepare; sourceTree = "<group>"; };
		3FCF1F991B0C8F1600EB15A7 /* embedXcode_check */ = {isa = PBXFileReference; lastKnownFileType = "compiled.mach-o.executable"; name = embedXcode_check; path = Utilities/embedXcode_check; sourceTree = "<group>"; };
		3FCF1F9A1B0C8F1600EB15A7 /* embedXcode_chrono */ = {isa = PBXFileReference; lastKnownFileType = "compiled.mach-o.executable"; name = embedXcode_chrono; path = Utilities/embedXcode_chrono; sourceTree = "<group>"; };
		3FCF1F9B1B0C8F1600EB15A7 /* TemplateIcon.icns */ = {isa = PBXFileReference; lastKnownFileType = image.icns; name = TemplateIcon.icns; path = Utilities/TemplateIcon.icns; sourceTree = "<group>"; };
		3FCF1F9C1B0C8F1600EB15A7 /* uploader_izmir.sh */ = {isa = PBXFileReference; lastKnownFileType = text.script.sh; name = uploader_izmir.sh; path = Utilities/uploader_izmir.sh; sourceTree = "<group>"; };
		3FCF1F9D1B0C8F1600EB15A7 /* IntervalometerV2.ino */ = {isa = PBXFileReference; lastKnownFileType = text; path = IntervalometerV2.ino; sourceTree = "<group>"; };
/* End PBXFileReference section */

/* Begin PBXGroup section */
		3FCF1F1C1B0C8F1600EB15A7 = {
			isa = PBXGroup;
			children = (
				3FCF1F2A1B0C8F1600EB15A7 /* IntervalometerV2 */,
				3FCF1F291B0C8F1600EB15A7 /* Products */,
			);
			sourceTree = "<group>";
		};
		3FCF1F291B0C8F1600EB15A7 /* Products */ = {
			isa = PBXGroup;
			children = (
				3FCF1F281B0C8F1600EB15A7 /* Index */,
			);
			name = Products;
			sourceTree = "<group>";
		};
		3FCF1F2A1B0C8F1600EB15A7 /* IntervalometerV2 */ = {
			isa = PBXGroup;
			children = (
				3FCF1F2B1B0C8F1600EB15A7 /* main.cpp */,
				3FCF1F2D1B0C8F1600EB15A7 /* Makefile */,
				3FCF1F2F1B0C8F1600EB15A7 /* ReadMe.txt */,
				3FCF1F301B0C8F1600EB15A7 /* LocalLibrary.cpp */,
				3FCF1F321B0C8F1600EB15A7 /* LocalLibrary.h */,
				3FCF1F9D1B0C8F1600EB15A7 /* IntervalometerV2.ino */,
				3FCF1F331B0C8F1600EB15A7 /* Sketchbook */,
				3FCF1F351B0C8F1600EB15A7 /* Configurations */,
				3FCF1F781B0C8F1600EB15A7 /* Makefiles */,
				3FCF1F931B0C8F1600EB15A7 /* About */,
				3FCF1F951B0C8F1600EB15A7 /* Utilities */,
			);
			path = IntervalometerV2;
			sourceTree = "<group>";
		};
		3FCF1F331B0C8F1600EB15A7 /* Sketchbook */ = {
			isa = PBXGroup;
			children = (
				3FCF1F341B0C8F1600EB15A7 /* Sketchbook.txt */,
			);
			name = Sketchbook;
			sourceTree = "<group>";
		};
		3FCF1F351B0C8F1600EB15A7 /* Configurations */ = {
			isa = PBXGroup;
			children = (
				3FCF1F361B0C8F1600EB15A7 /* 4D Systems PICadillo 35T.xcconfig */,
				3FCF1F371B0C8F1600EB15A7 /* Adafruit Pro Trinket 3V-12MHz.xcconfig */,
				3FCF1F381B0C8F1600EB15A7 /* Adafruit Pro Trinket 5V-16MHz.xcconfig */,
				3FCF1F391B0C8F1600EB15A7 /* Adafruit Trinket 3V-8MHz.xcconfig */,
				3FCF1F3A1B0C8F1600EB15A7 /* Adafruit Trinket 5V-16MHz.xcconfig */,
				3FCF1F3B1B0C8F1600EB15A7 /* Arduino Due.xcconfig */,
				3FCF1F3C1B0C8F1600EB15A7 /* Arduino Duemilanove.xcconfig */,
				3FCF1F3D1B0C8F1600EB15A7 /* Arduino Leonardo.xcconfig */,
				3FCF1F3E1B0C8F1600EB15A7 /* Arduino Mega 2560.xcconfig */,
				3FCF1F3F1B0C8F1600EB15A7 /* Arduino Micro.xcconfig */,
				3FCF1F401B0C8F1600EB15A7 /* Arduino Pro with ATmega328-3.3V.xcconfig */,
				3FCF1F411B0C8F1600EB15A7 /* Arduino Pro with ATmega328-5V.xcconfig */,
				3FCF1F421B0C8F1600EB15A7 /* Arduino Mini with ATmega168.xcconfig */,
				3FCF1F431B0C8F1600EB15A7 /* Arduino Mini with ATmega328.xcconfig */,
				3FCF1F441B0C8F1600EB15A7 /* Arduino Nano with ATmega168.xcconfig */,
				3FCF1F451B0C8F1600EB15A7 /* Arduino Nano with ATmega328.xcconfig */,
				3FCF1F461B0C8F1600EB15A7 /* Arduino Robot Control.xcconfig */,
				3FCF1F471B0C8F1600EB15A7 /* Arduino Robot Motor.xcconfig */,
				3FCF1F481B0C8F1600EB15A7 /* Arduino Uno.xcconfig */,
				3FCF1F491B0C8F1600EB15A7 /* Arduino Yun.xcconfig */,
				3FCF1F4A1B0C8F1600EB15A7 /* Arduino Zero Pro (Native USB Port).xcconfig */,
				3FCF1F4B1B0C8F1600EB15A7 /* Arduino Zero Pro (Programming Port).xcconfig */,
				3FCF1F4C1B0C8F1600EB15A7 /* chipKIT DP32.xcconfig */,
				3FCF1F4D1B0C8F1600EB15A7 /* chipKIT Max32.xcconfig */,
				3FCF1F4E1B0C8F1600EB15A7 /* chipKIT uC32.xcconfig */,
				3FCF1F4F1B0C8F1600EB15A7 /* chipKIT Uno32.xcconfig */,
				3FCF1F501B0C8F1600EB15A7 /* chipKIT WF32.xcconfig */,
				3FCF1F511B0C8F1600EB15A7 /* chipKIT WiFire.xcconfig */,
				3FCF1F521B0C8F1600EB15A7 /* DFRobot BLuno.xcconfig */,
				3FCF1F531B0C8F1600EB15A7 /* DFRobot Wido.xcconfig */,
				3FCF1F541B0C8F1600EB15A7 /* Digispark Tiny Core.xcconfig */,
				3FCF1F551B0C8F1600EB15A7 /* ESP8266.xcconfig */,
				3FCF1F561B0C8F1600EB15A7 /* NodeMCU Board.xcconfig */,
				3FCF1F571B0C8F1600EB15A7 /* Experimeter Board with MSP430FR5739.xcconfig */,
				3FCF1F581B0C8F1600EB15A7 /* Intel Edison.xcconfig */,
				3FCF1F591B0C8F1600EB15A7 /* Intel Galileo.xcconfig */,
				3FCF1F5A1B0C8F1600EB15A7 /* Intel Galileo Gen2.xcconfig */,
				3FCF1F5B1B0C8F1600EB15A7 /* LaunchPad MSP432.xcconfig */,
				3FCF1F5C1B0C8F1600EB15A7 /* LaunchPad WiFi with CC3200.xcconfig */,
				3FCF1F5D1B0C8F1600EB15A7 /* LaunchPad Stellaris with LM4F120.xcconfig */,
				3FCF1F5E1B0C8F1600EB15A7 /* LaunchPad Tiva C with TM4C123.xcconfig */,
				3FCF1F5F1B0C8F1600EB15A7 /* LaunchPad Tiva C with TM4C129.xcconfig */,
				3FCF1F601B0C8F1600EB15A7 /* LaunchPad with MSP430G2553.xcconfig */,
				3FCF1F611B0C8F1600EB15A7 /* LaunchPad with MSP430G2231.xcconfig */,
				3FCF1F621B0C8F1600EB15A7 /* LaunchPad with MSP430G2452.xcconfig */,
				3FCF1F631B0C8F1600EB15A7 /* LaunchPad with MSP430F5529.xcconfig */,
				3FCF1F641B0C8F1600EB15A7 /* LaunchPad with MSP430FR5969.xcconfig */,
				3FCF1F651B0C8F1600EB15A7 /* Little Robot Friends.xcconfig */,
				3FCF1F661B0C8F1600EB15A7 /* Maple Flash revision 3+.xcconfig */,
				3FCF1F671B0C8F1600EB15A7 /* Maple RAM revision 3+.xcconfig */,
				3FCF1F681B0C8F1600EB15A7 /* Microduino Core STM32 Flash.xcconfig */,
				3FCF1F691B0C8F1600EB15A7 /* Microduino Core STM32 RAM.xcconfig */,
				3FCF1F6A1B0C8F1600EB15A7 /* Microduino Core USB with ATmega328U4-5V.xcconfig */,
				3FCF1F6B1B0C8F1600EB15A7 /* Microduino Core with ATmega328-5V.xcconfig */,
				3FCF1F6C1B0C8F1600EB15A7 /* Microduino Core+ with ATmega644-5V.xcconfig */,
				3FCF1F6D1B0C8F1600EB15A7 /* panStamp AVR.xcconfig */,
				3FCF1F6E1B0C8F1600EB15A7 /* panStamp NRG 1.0.xcconfig */,
				3FCF1F6F1B0C8F1600EB15A7 /* panStamp NRG 1.1.xcconfig */,
				3FCF1F701B0C8F1600EB15A7 /* RedBearLab BLE Nano.xcconfig */,
				3FCF1F711B0C8F1600EB15A7 /* RedBearLab nRF51822.xcconfig */,
				3FCF1F721B0C8F1600EB15A7 /* RedBearLab WiFi CC3200.xcconfig */,
				3FCF1F731B0C8F1600EB15A7 /* RedBearLab WiFi Mini CC3200.xcconfig */,
				3FCF1F741B0C8F1600EB15A7 /* Teensy 2.0.xcconfig */,
				3FCF1F751B0C8F1600EB15A7 /* Teensy 3.0.xcconfig */,
				3FCF1F761B0C8F1600EB15A7 /* Teensy 3.1.xcconfig */,
				3FCF1F771B0C8F1600EB15A7 /* Wiring S.xcconfig */,
			);
			name = Configurations;
			sourceTree = "<group>";
		};
		3FCF1F781B0C8F1600EB15A7 /* Makefiles */ = {
			isa = PBXGroup;
			children = (
				3FCF1F791B0C8F1600EB15A7 /* Arduino.mk */,
				3FCF1F7A1B0C8F1600EB15A7 /* Arduino1.mk */,
				3FCF1F7B1B0C8F1600EB15A7 /* Arduino15avr.mk */,
				3FCF1F7C1B0C8F1600EB15A7 /* Arduino15sam.mk */,
				3FCF1F7D1B0C8F1600EB15A7 /* Arduino17samd.mk */,
				3FCF1F7E1B0C8F1600EB15A7 /* Digispark.mk */,
				3FCF1F7F1B0C8F1600EB15A7 /* EnergiaMSP430.mk */,
				3FCF1F801B0C8F1600EB15A7 /* EnergiaMSP432.mk */,
				3FCF1F811B0C8F1600EB15A7 /* EnergiaLM4F.mk */,
				3FCF1F821B0C8F1600EB15A7 /* EnergiaCC3200.mk */,
				3FCF1F831B0C8F1600EB15A7 /* Edison.mk */,
				3FCF1F841B0C8F1600EB15A7 /* Galileo.mk */,
				3FCF1F851B0C8F1600EB15A7 /* ESP8266.mk */,
				3FCF1F861B0C8F1600EB15A7 /* MapleIDE.mk */,
				3FCF1F871B0C8F1600EB15A7 /* RedBearLab.mk */,
				3FCF1F881B0C8F1600EB15A7 /* Microduino.mk */,
				3FCF1F891B0C8F1600EB15A7 /* Mpide.mk */,
				3FCF1F8A1B0C8F1600EB15A7 /* panStampAVR.mk */,
				3FCF1F8B1B0C8F1600EB15A7 /* panStampNRG.mk */,
				3FCF1F8C1B0C8F1600EB15A7 /* Wiring.mk */,
				3FCF1F8D1B0C8F1600EB15A7 /* Step1.mk */,
				3FCF1F8E1B0C8F1600EB15A7 /* Step2.mk */,
				3FCF1F8F1B0C8F1600EB15A7 /* Teensy.mk */,
				3FCF1F901B0C8F1600EB15A7 /* Teensy2.mk */,
				3FCF1F911B0C8F1600EB15A7 /* Teensy3.mk */,
				3FCF1F921B0C8F1600EB15A7 /* Avrdude.mk */,
			);
			name = Makefiles;
			sourceTree = "<group>";
		};
		3FCF1F931B0C8F1600EB15A7 /* About */ = {
			isa = PBXGroup;
			children = (
				3FCF1F941B0C8F1600EB15A7 /* About.txt */,
			);
			name = About;
			sourceTree = "<group>";
		};
		3FCF1F951B0C8F1600EB15A7 /* Utilities */ = {
			isa = PBXGroup;
			children = (
				3FCF1F961B0C8F1600EB15A7 /* reset_maple.py */,
				3FCF1F971B0C8F1600EB15A7 /* reset_1200.py */,
				3FCF1F981B0C8F1600EB15A7 /* embedXcode_prepare */,
				3FCF1F991B0C8F1600EB15A7 /* embedXcode_check */,
				3FCF1F9A1B0C8F1600EB15A7 /* embedXcode_chrono */,
				3FCF1F9B1B0C8F1600EB15A7 /* TemplateIcon.icns */,
				3FCF1F9C1B0C8F1600EB15A7 /* uploader_izmir.sh */,
			);
			name = Utilities;
			sourceTree = "<group>";
		};
/* End PBXGroup section */

/* Begin PBXLegacyTarget section */
		3FCF1F211B0C8F1600EB15A7 /* All */ = {
			isa = PBXLegacyTarget;
			buildArgumentsString = "all -C \"$(PROJECT)\"";
			buildConfigurationList = 3FCF1FA01B0C8F1600EB15A7 /* Build configuration list for PBXLegacyTarget "All" */;
			buildPhases = (
			);
			buildToolPath = make;
			dependencies = (
			);
			name = All;
			passBuildSettingsInEnvironment = 1;
			productName = All;
		};
		3FCF1F221B0C8F1600EB15A7 /* Build */ = {
			isa = PBXLegacyTarget;
			buildArgumentsString = "build -C \"$(PROJECT)\"";
			buildConfigurationList = 3FCF1FA31B0C8F1600EB15A7 /* Build configuration list for PBXLegacyTarget "Build" */;
			buildPhases = (
			);
			buildToolPath = make;
			dependencies = (
			);
			name = Build;
			passBuildSettingsInEnvironment = 1;
			productName = Build;
		};
		3FCF1F231B0C8F1600EB15A7 /* Boards */ = {
			isa = PBXLegacyTarget;
			buildArgumentsString = "boards -C \"$(PROJECT)\"";
			buildConfigurationList = 3FCF1FA61B0C8F1600EB15A7 /* Build configuration list for PBXLegacyTarget "Boards" */;
			buildPhases = (
			);
			buildToolPath = make;
			dependencies = (
			);
			name = Boards;
			passBuildSettingsInEnvironment = 1;
			productName = Boards;
		};
		3FCF1F241B0C8F1600EB15A7 /* Serial */ = {
			isa = PBXLegacyTarget;
			buildArgumentsString = "serial -C \"$(PROJECT)\"";
			buildConfigurationList = 3FCF1FA91B0C8F1600EB15A7 /* Build configuration list for PBXLegacyTarget "Serial" */;
			buildPhases = (
			);
			buildToolPath = make;
			dependencies = (
			);
			name = Serial;
			passBuildSettingsInEnvironment = 1;
			productName = Serial;
		};
		3FCF1F251B0C8F1600EB15A7 /* Upload */ = {
			isa = PBXLegacyTarget;
			buildArgumentsString = "upload -C \"$(PROJECT)\"";
			buildConfigurationList = 3FCF1FAC1B0C8F1600EB15A7 /* Build configuration list for PBXLegacyTarget "Upload" */;
			buildPhases = (
			);
			buildToolPath = make;
			dependencies = (
			);
			name = Upload;
			passBuildSettingsInEnvironment = 1;
			productName = Upload;
		};
/* End PBXLegacyTarget section */

/* Begin PBXNativeTarget section */
		3FCF1F271B0C8F1600EB15A7 /* Index */ = {
			isa = PBXNativeTarget;
			buildConfigurationList = 3FCF1FAF1B0C8F1600EB15A7 /* Build configuration list for PBXNativeTarget "Index" */;
			buildPhases = (
				3FCF1F261B0C8F1600EB15A7 /* Sources */,
			);
			buildRules = (
			);
			dependencies = (
			);
			name = Index;
			productName = Index;
			productReference = 3FCF1F281B0C8F1600EB15A7 /* Index */;
			productType = "com.apple.product-type.tool";
		};
/* End PBXNativeTarget section */

/* Begin PBXProject section */
		3FCF1F1D1B0C8F1600EB15A7 /* Project object */ = {
			isa = PBXProject;
			attributes = {
				LastUpgradeCheck = 0610;
				ORGANIZATIONNAME = "Jason Jorgenson";
				TargetAttributes = {
					3FCF1F211B0C8F1600EB15A7 = {
						CreatedOnToolsVersion = 6.1;
					};
					3FCF1F221B0C8F1600EB15A7 = {
						CreatedOnToolsVersion = 6.1;
					};
					3FCF1F231B0C8F1600EB15A7 = {
						CreatedOnToolsVersion = 6.1;
					};
					3FCF1F241B0C8F1600EB15A7 = {
						CreatedOnToolsVersion = 6.1;
					};
					3FCF1F251B0C8F1600EB15A7 = {
						CreatedOnToolsVersion = 6.1;
					};
					3FCF1F271B0C8F1600EB15A7 = {
						CreatedOnToolsVersion = 6.1;
					};
				};
			};
			buildConfigurationList = 3FCF1F201B0C8F1600EB15A7 /* Build configuration list for PBXProject "IntervalometerV2" */;
			compatibilityVersion = "Xcode 3.2";
			developmentRegion = English;
			hasScannedForEncodings = 0;
			knownRegions = (
				en,
			);
			mainGroup = 3FCF1F1C1B0C8F1600EB15A7;
			productRefGroup = 3FCF1F291B0C8F1600EB15A7 /* Products */;
			projectDirPath = "";
			projectRoot = "";
			targets = (
				3FCF1F211B0C8F1600EB15A7 /* All */,
				3FCF1F221B0C8F1600EB15A7 /* Build */,
				3FCF1F231B0C8F1600EB15A7 /* Boards */,
				3FCF1F241B0C8F1600EB15A7 /* Serial */,
				3FCF1F251B0C8F1600EB15A7 /* Upload */,
				3FCF1F271B0C8F1600EB15A7 /* Index */,
			);
		};
/* End PBXProject section */

/* Begin PBXSourcesBuildPhase section */
		3FCF1F261B0C8F1600EB15A7 /* Sources */ = {
			isa = PBXSourcesBuildPhase;
			buildActionMask = 2147483647;
			files = (
				3FCF1F2E1B0C8F1600EB15A7 /* Makefile in Sources */,
				3FCF1F2C1B0C8F1600EB15A7 /* main.cpp in Sources */,
				3FCF1F311B0C8F1600EB15A7 /* LocalLibrary.cpp in Sources */,
			);
			runOnlyForDeploymentPostprocessing = 0;
		};
/* End PBXSourcesBuildPhase section */

/* Begin XCBuildConfiguration section */
		3FCF1F9E1B0C8F1600EB15A7 /* Debug */ = {
			isa = XCBuildConfiguration;
			baseConfigurationReference = 3FCF1F3E1B0C8F1600EB15A7 /* Arduino Mega 2560.xcconfig */;
			buildSettings = {
				ALWAYS_SEARCH_USER_PATHS = NO;
				CLANG_CXX_LANGUAGE_STANDARD = "gnu++0x";
				CLANG_CXX_LIBRARY = "libc++";
				CLANG_ENABLE_MODULES = YES;
				CLANG_ENABLE_OBJC_ARC = YES;
				CLANG_WARN_BOOL_CONVERSION = YES;
				CLANG_WARN_CONSTANT_CONVERSION = YES;
				CLANG_WARN_DIRECT_OBJC_ISA_USAGE = YES_ERROR;
				CLANG_WARN_EMPTY_BODY = YES;
				CLANG_WARN_ENUM_CONVERSION = YES;
				CLANG_WARN_INT_CONVERSION = YES;
				CLANG_WARN_OBJC_ROOT_CLASS = YES_ERROR;
				CLANG_WARN_UNREACHABLE_CODE = YES;
				CLANG_WARN__DUPLICATE_METHOD_MATCH = YES;
				COPY_PHASE_STRIP = NO;
				ENABLE_STRICT_OBJC_MSGSEND = YES;
				GCC_C_LANGUAGE_STANDARD = gnu99;
				GCC_DYNAMIC_NO_PIC = NO;
				GCC_OPTIMIZATION_LEVEL = 0;
				GCC_PREPROCESSOR_DEFINITIONS = (
					"DEBUG=1",
					"$(inherited)",
				);
				GCC_SYMBOLS_PRIVATE_EXTERN = NO;
				GCC_WARN_64_TO_32_BIT_CONVERSION = YES;
				GCC_WARN_ABOUT_RETURN_TYPE = YES_ERROR;
				GCC_WARN_UNDECLARED_SELECTOR = YES;
				GCC_WARN_UNINITIALIZED_AUTOS = YES_AGGRESSIVE;
				GCC_WARN_UNUSED_FUNCTION = YES;
				GCC_WARN_UNUSED_VARIABLE = YES;
				HEADER_SEARCH_PATHS = "$(inherited)";
				MTL_ENABLE_DEBUG_INFO = YES;
				ONLY_ACTIVE_ARCH = YES;
				PATH = "$(PATH):$(PROJECT_DIR)";
				PRODUCT_NAME = "$(TARGET_NAME)";
				SKETCHBOOK_DIR = "";
				SKETCH_EXTENSION = ino;
			};
			name = Debug;
		};
		3FCF1F9F1B0C8F1600EB15A7 /* Release */ = {
			isa = XCBuildConfiguration;
			buildSettings = {
				ALWAYS_SEARCH_USER_PATHS = NO;
				CLANG_CXX_LANGUAGE_STANDARD = "gnu++0x";
				CLANG_CXX_LIBRARY = "libc++";
				CLANG_ENABLE_MODULES = YES;
				CLANG_ENABLE_OBJC_ARC = YES;
				CLANG_WARN_BOOL_CONVERSION = YES;
				CLANG_WARN_CONSTANT_CONVERSION = YES;
				CLANG_WARN_DIRECT_OBJC_ISA_USAGE = YES_ERROR;
				CLANG_WARN_EMPTY_BODY = YES;
				CLANG_WARN_ENUM_CONVERSION = YES;
				CLANG_WARN_INT_CONVERSION = YES;
				CLANG_WARN_OBJC_ROOT_CLASS = YES_ERROR;
				CLANG_WARN_UNREACHABLE_CODE = YES;
				CLANG_WARN__DUPLICATE_METHOD_MATCH = YES;
				COPY_PHASE_STRIP = YES;
				ENABLE_NS_ASSERTIONS = NO;
				ENABLE_STRICT_OBJC_MSGSEND = YES;
				GCC_C_LANGUAGE_STANDARD = gnu99;
				GCC_WARN_64_TO_32_BIT_CONVERSION = YES;
				GCC_WARN_ABOUT_RETURN_TYPE = YES_ERROR;
				GCC_WARN_UNDECLARED_SELECTOR = YES;
				GCC_WARN_UNINITIALIZED_AUTOS = YES_AGGRESSIVE;
				GCC_WARN_UNUSED_FUNCTION = YES;
				GCC_WARN_UNUSED_VARIABLE = YES;
				HEADER_SEARCH_PATHS = "$(inherited)";
				MTL_ENABLE_DEBUG_INFO = NO;
				PATH = "$(PATH):$(PROJECT_DIR)";
				PRODUCT_NAME = "$(TARGET_NAME)";
				SKETCHBOOK_DIR = "";
				SKETCH_EXTENSION = ino;
			};
			name = Release;
		};
		3FCF1FA11B0C8F1600EB15A7 /* Debug */ = {
			isa = XCBuildConfiguration;
			buildSettings = {
				PRODUCT_NAME = "$(TARGET_NAME)";
			};
			name = Debug;
		};
		3FCF1FA21B0C8F1600EB15A7 /* Release */ = {
			isa = XCBuildConfiguration;
			buildSettings = {
				PRODUCT_NAME = "$(TARGET_NAME)";
			};
			name = Release;
		};
		3FCF1FA41B0C8F1600EB15A7 /* Debug */ = {
			isa = XCBuildConfiguration;
			buildSettings = {
			};
			name = Debug;
		};
		3FCF1FA51B0C8F1600EB15A7 /* Release */ = {
			isa = XCBuildConfiguration;
			buildSettings = {
			};
			name = Release;
		};
		3FCF1FA71B0C8F1600EB15A7 /* Debug */ = {
			isa = XCBuildConfiguration;
			buildSettings = {
			};
			name = Debug;
		};
		3FCF1FA81B0C8F1600EB15A7 /* Release */ = {
			isa = XCBuildConfiguration;
			buildSettings = {
			};
			name = Release;
		};
		3FCF1FAA1B0C8F1600EB15A7 /* Debug */ = {
			isa = XCBuildConfiguration;
			buildSettings = {
			};
			name = Debug;
		};
		3FCF1FAB1B0C8F1600EB15A7 /* Release */ = {
			isa = XCBuildConfiguration;
			buildSettings = {
			};
			name = Release;
		};
		3FCF1FAD1B0C8F1600EB15A7 /* Debug */ = {
			isa = XCBuildConfiguration;
			buildSettings = {
			};
			name = Debug;
		};
		3FCF1FAE1B0C8F1600EB15A7 /* Release */ = {
			isa = XCBuildConfiguration;
			buildSettings = {
			};
			name = Release;
		};
		3FCF1FB01B0C8F1600EB15A7 /* Debug */ = {
			isa = XCBuildConfiguration;
			buildSettings = {
			};
			name = Debug;
		};
		3FCF1FB11B0C8F1600EB15A7 /* Release */ = {
			isa = XCBuildConfiguration;
			buildSettings = {
			};
			name = Release;
		};
/* End XCBuildConfiguration section */

/* Begin XCConfigurationList section */
		3FCF1F201B0C8F1600EB15A7 /* Build configuration list for PBXProject "IntervalometerV2" */ = {
			isa = XCConfigurationList;
			buildConfigurations = (
				3FCF1F9E1B0C8F1600EB15A7 /* Debug */,
				3FCF1F9F1B0C8F1600EB15A7 /* Release */,
			);
			defaultConfigurationIsVisible = 0;
			defaultConfigurationName = Release;
		};
		3FCF1FA01B0C8F1600EB15A7 /* Build configuration list for PBXLegacyTarget "All" */ = {
			isa = XCConfigurationList;
			buildConfigurations = (
				3FCF1FA11B0C8F1600EB15A7 /* Debug */,
				3FCF1FA21B0C8F1600EB15A7 /* Release */,
			);
			defaultConfigurationIsVisible = 0;
		};
		3FCF1FA31B0C8F1600EB15A7 /* Build configuration list for PBXLegacyTarget "Build" */ = {
			isa = XCConfigurationList;
			buildConfigurations = (
				3FCF1FA41B0C8F1600EB15A7 /* Debug */,
				3FCF1FA51B0C8F1600EB15A7 /* Release */,
			);
			defaultConfigurationIsVisible = 0;
		};
		3FCF1FA61B0C8F1600EB15A7 /* Build configuration list for PBXLegacyTarget "Boards" */ = {
			isa = XCConfigurationList;
			buildConfigurations = (
				3FCF1FA71B0C8F1600EB15A7 /* Debug */,
				3FCF1FA81B0C8F1600EB15A7 /* Release */,
			);
			defaultConfigurationIsVisible = 0;
		};
		3FCF1FA91B0C8F1600EB15A7 /* Build configuration list for PBXLegacyTarget "Serial" */ = {
			isa = XCConfigurationList;
			buildConfigurations = (
				3FCF1FAA1B0C8F1600EB15A7 /* Debug */,
				3FCF1FAB1B0C8F1600EB15A7 /* Release */,
			);
			defaultConfigurationIsVisible = 0;
		};
		3FCF1FAC1B0C8F1600EB15A7 /* Build configuration list for PBXLegacyTarget "Upload" */ = {
			isa = XCConfigurationList;
			buildConfigurations = (
				3FCF1FAD1B0C8F1600EB15A7 /* Debug */,
				3FCF1FAE1B0C8F1600EB15A7 /* Release */,
			);
			defaultConfigurationIsVisible = 0;
		};
		3FCF1FAF1B0C8F1600EB15A7 /* Build configuration list for PBXNativeTarget "Index" */ = {
			isa = XCConfigurationList;
			buildConfigurations = (
				3FCF1FB01B0C8F1600EB15A7 /* Debug */,
				3FCF1FB11B0C8F1600EB15A7 /* Release */,
			);
			defaultConfigurationIsVisible = 0;
		};
/* End XCConfigurationList section */
	};
	rootObject = 3FCF1F1D1B0C8F1600EB15A7 /* Project object */;
}
